// !$*UTF8*$!
{
	archiveVersion = 1;
	classes = {
	};
	objectVersion = 50;
	objects = {

/* Begin PBXBuildFile section */
		7B55DE32209AFD570011EC3C /* AppDelegate.swift in Sources */ = {isa = PBXBuildFile; fileRef = 7B55DE31209AFD570011EC3C /* AppDelegate.swift */; };
		7B55DE34209AFD570011EC3C /* ViewController.swift in Sources */ = {isa = PBXBuildFile; fileRef = 7B55DE33209AFD570011EC3C /* ViewController.swift */; };
		7B55DE37209AFD570011EC3C /* Main.storyboard in Resources */ = {isa = PBXBuildFile; fileRef = 7B55DE35209AFD570011EC3C /* Main.storyboard */; };
		7B55DE39209AFD590011EC3C /* Assets.xcassets in Resources */ = {isa = PBXBuildFile; fileRef = 7B55DE38209AFD590011EC3C /* Assets.xcassets */; };
		7B55DE3C209AFD590011EC3C /* LaunchScreen.storyboard in Resources */ = {isa = PBXBuildFile; fileRef = 7B55DE3A209AFD590011EC3C /* LaunchScreen.storyboard */; };
		7B55DE47209AFD590011EC3C /* WeatherTests.swift in Sources */ = {isa = PBXBuildFile; fileRef = 7B55DE46209AFD590011EC3C /* WeatherTests.swift */; };
		7B55DE52209AFE3E0011EC3C /* API.swift in Sources */ = {isa = PBXBuildFile; fileRef = 7B55DE51209AFE3E0011EC3C /* API.swift */; };
		7B55DE55209AFEC10011EC3C /* CoreLocation.framework in Frameworks */ = {isa = PBXBuildFile; fileRef = 7B55DE54209AFEC10011EC3C /* CoreLocation.framework */; };
		7B71D9E120B754C5002DE9FB /* ConditionsModel.swift in Sources */ = {isa = PBXBuildFile; fileRef = 7B71D9E020B754C5002DE9FB /* ConditionsModel.swift */; };
		7B71D9E320B754FF002DE9FB /* ForecastDayModel.swift in Sources */ = {isa = PBXBuildFile; fileRef = 7B71D9E220B754FF002DE9FB /* ForecastDayModel.swift */; };
		7B71D9E520B75529002DE9FB /* ForecastHourly.swift in Sources */ = {isa = PBXBuildFile; fileRef = 7B71D9E420B75529002DE9FB /* ForecastHourly.swift */; };
		7B71D9E920B766C0002DE9FB /* ConditionsVM.swift in Sources */ = {isa = PBXBuildFile; fileRef = 7B71D9E820B766C0002DE9FB /* ConditionsVM.swift */; };
		7B71D9EB20B766FD002DE9FB /* ForecastDayVM.swift in Sources */ = {isa = PBXBuildFile; fileRef = 7B71D9EA20B766FD002DE9FB /* ForecastDayVM.swift */; };
		7B71D9ED20B7671F002DE9FB /* ForecastHourlyVM.swift in Sources */ = {isa = PBXBuildFile; fileRef = 7B71D9EC20B7671F002DE9FB /* ForecastHourlyVM.swift */; };
		7B71D9EF20B7B471002DE9FB /* Constants.swift in Sources */ = {isa = PBXBuildFile; fileRef = 7B71D9EE20B7B471002DE9FB /* Constants.swift */; };
		7B71D9F120B8AB99002DE9FB /* Utilities.swift in Sources */ = {isa = PBXBuildFile; fileRef = 7B71D9F020B8AB99002DE9FB /* Utilities.swift */; };
/* End PBXBuildFile section */

/* Begin PBXContainerItemProxy section */
		7B55DE43209AFD590011EC3C /* PBXContainerItemProxy */ = {
			isa = PBXContainerItemProxy;
			containerPortal = 7B55DE26209AFD570011EC3C /* Project object */;
			proxyType = 1;
			remoteGlobalIDString = 7B55DE2D209AFD570011EC3C;
			remoteInfo = Weather;
		};
/* End PBXContainerItemProxy section */

/* Begin PBXFileReference section */
		7B55DE2E209AFD570011EC3C /* Weather.app */ = {isa = PBXFileReference; explicitFileType = wrapper.application; includeInIndex = 0; path = Weather.app; sourceTree = BUILT_PRODUCTS_DIR; };
		7B55DE31209AFD570011EC3C /* AppDelegate.swift */ = {isa = PBXFileReference; lastKnownFileType = sourcecode.swift; path = AppDelegate.swift; sourceTree = "<group>"; };
		7B55DE33209AFD570011EC3C /* ViewController.swift */ = {isa = PBXFileReference; lastKnownFileType = sourcecode.swift; path = ViewController.swift; sourceTree = "<group>"; };
		7B55DE36209AFD570011EC3C /* Base */ = {isa = PBXFileReference; lastKnownFileType = file.storyboard; name = Base; path = Base.lproj/Main.storyboard; sourceTree = "<group>"; };
		7B55DE38209AFD590011EC3C /* Assets.xcassets */ = {isa = PBXFileReference; lastKnownFileType = folder.assetcatalog; path = Assets.xcassets; sourceTree = "<group>"; };
		7B55DE3B209AFD590011EC3C /* Base */ = {isa = PBXFileReference; lastKnownFileType = file.storyboard; name = Base; path = Base.lproj/LaunchScreen.storyboard; sourceTree = "<group>"; };
		7B55DE3D209AFD590011EC3C /* Info.plist */ = {isa = PBXFileReference; lastKnownFileType = text.plist.xml; path = Info.plist; sourceTree = "<group>"; };
		7B55DE42209AFD590011EC3C /* WeatherTests.xctest */ = {isa = PBXFileReference; explicitFileType = wrapper.cfbundle; includeInIndex = 0; path = WeatherTests.xctest; sourceTree = BUILT_PRODUCTS_DIR; };
		7B55DE46209AFD590011EC3C /* WeatherTests.swift */ = {isa = PBXFileReference; lastKnownFileType = sourcecode.swift; path = WeatherTests.swift; sourceTree = "<group>"; };
		7B55DE48209AFD590011EC3C /* Info.plist */ = {isa = PBXFileReference; lastKnownFileType = text.plist.xml; path = Info.plist; sourceTree = "<group>"; };
		7B55DE51209AFE3E0011EC3C /* API.swift */ = {isa = PBXFileReference; lastKnownFileType = sourcecode.swift; path = API.swift; sourceTree = "<group>"; };
		7B55DE54209AFEC10011EC3C /* CoreLocation.framework */ = {isa = PBXFileReference; lastKnownFileType = wrapper.framework; name = CoreLocation.framework; path = System/Library/Frameworks/CoreLocation.framework; sourceTree = SDKROOT; };
		7B71D9E020B754C5002DE9FB /* ConditionsModel.swift */ = {isa = PBXFileReference; lastKnownFileType = sourcecode.swift; path = ConditionsModel.swift; sourceTree = "<group>"; };
		7B71D9E220B754FF002DE9FB /* ForecastDayModel.swift */ = {isa = PBXFileReference; lastKnownFileType = sourcecode.swift; path = ForecastDayModel.swift; sourceTree = "<group>"; };
		7B71D9E420B75529002DE9FB /* ForecastHourly.swift */ = {isa = PBXFileReference; lastKnownFileType = sourcecode.swift; path = ForecastHourly.swift; sourceTree = "<group>"; };
		7B71D9E820B766C0002DE9FB /* ConditionsVM.swift */ = {isa = PBXFileReference; lastKnownFileType = sourcecode.swift; path = ConditionsVM.swift; sourceTree = "<group>"; };
		7B71D9EA20B766FD002DE9FB /* ForecastDayVM.swift */ = {isa = PBXFileReference; lastKnownFileType = sourcecode.swift; path = ForecastDayVM.swift; sourceTree = "<group>"; };
		7B71D9EC20B7671F002DE9FB /* ForecastHourlyVM.swift */ = {isa = PBXFileReference; lastKnownFileType = sourcecode.swift; path = ForecastHourlyVM.swift; sourceTree = "<group>"; };
		7B71D9EE20B7B471002DE9FB /* Constants.swift */ = {isa = PBXFileReference; lastKnownFileType = sourcecode.swift; path = Constants.swift; sourceTree = "<group>"; };
		7B71D9F020B8AB99002DE9FB /* Utilities.swift */ = {isa = PBXFileReference; lastKnownFileType = sourcecode.swift; path = Utilities.swift; sourceTree = "<group>"; };
/* End PBXFileReference section */

/* Begin PBXFrameworksBuildPhase section */
		7B55DE2B209AFD570011EC3C /* Frameworks */ = {
			isa = PBXFrameworksBuildPhase;
			buildActionMask = 2147483647;
			files = (
				7B55DE55209AFEC10011EC3C /* CoreLocation.framework in Frameworks */,
			);
			runOnlyForDeploymentPostprocessing = 0;
		};
		7B55DE3F209AFD590011EC3C /* Frameworks */ = {
			isa = PBXFrameworksBuildPhase;
			buildActionMask = 2147483647;
			files = (
			);
			runOnlyForDeploymentPostprocessing = 0;
		};
/* End PBXFrameworksBuildPhase section */

/* Begin PBXGroup section */
		7B55DE25209AFD560011EC3C = {
			isa = PBXGroup;
			children = (
				7B55DE30209AFD570011EC3C /* Weather */,
				7B55DE45209AFD590011EC3C /* WeatherTests */,
				7B55DE2F209AFD570011EC3C /* Products */,
				7B55DE53209AFEC10011EC3C /* Frameworks */,
			);
			sourceTree = "<group>";
		};
		7B55DE2F209AFD570011EC3C /* Products */ = {
			isa = PBXGroup;
			children = (
				7B55DE2E209AFD570011EC3C /* Weather.app */,
				7B55DE42209AFD590011EC3C /* WeatherTests.xctest */,
			);
			name = Products;
			sourceTree = "<group>";
		};
		7B55DE30209AFD570011EC3C /* Weather */ = {
			isa = PBXGroup;
			children = (
				7B71D9DF20B754A3002DE9FB /* API */,
				7B55DE31209AFD570011EC3C /* AppDelegate.swift */,
				7B55DE33209AFD570011EC3C /* ViewController.swift */,
				7B55DE35209AFD570011EC3C /* Main.storyboard */,
				7B55DE38209AFD590011EC3C /* Assets.xcassets */,
				7B55DE3A209AFD590011EC3C /* LaunchScreen.storyboard */,
				7B55DE3D209AFD590011EC3C /* Info.plist */,
				7B71D9F020B8AB99002DE9FB /* Utilities.swift */,
			);
			path = Weather;
			sourceTree = "<group>";
		};
		7B55DE45209AFD590011EC3C /* WeatherTests */ = {
			isa = PBXGroup;
			children = (
				7B55DE46209AFD590011EC3C /* WeatherTests.swift */,
				7B55DE48209AFD590011EC3C /* Info.plist */,
			);
			path = WeatherTests;
			sourceTree = "<group>";
		};
		7B55DE53209AFEC10011EC3C /* Frameworks */ = {
			isa = PBXGroup;
			children = (
				7B55DE54209AFEC10011EC3C /* CoreLocation.framework */,
			);
			name = Frameworks;
			sourceTree = "<group>";
		};
		7B71D9DF20B754A3002DE9FB /* API */ = {
			isa = PBXGroup;
			children = (
				7B71D9E720B7669C002DE9FB /* ViewModels */,
				7B71D9E620B7554E002DE9FB /* Models */,
				7B71D9EE20B7B471002DE9FB /* Constants.swift */,
				7B55DE51209AFE3E0011EC3C /* API.swift */,
			);
			path = API;
			sourceTree = "<group>";
		};
		7B71D9E620B7554E002DE9FB /* Models */ = {
			isa = PBXGroup;
			children = (
				7B71D9E220B754FF002DE9FB /* ForecastDayModel.swift */,
				7B71D9E020B754C5002DE9FB /* ConditionsModel.swift */,
				7B71D9E420B75529002DE9FB /* ForecastHourly.swift */,
			);
			path = Models;
			sourceTree = "<group>";
		};
		7B71D9E720B7669C002DE9FB /* ViewModels */ = {
			isa = PBXGroup;
			children = (
				7B71D9E820B766C0002DE9FB /* ConditionsVM.swift */,
				7B71D9EA20B766FD002DE9FB /* ForecastDayVM.swift */,
				7B71D9EC20B7671F002DE9FB /* ForecastHourlyVM.swift */,
			);
			path = ViewModels;
			sourceTree = "<group>";
		};
/* End PBXGroup section */

/* Begin PBXNativeTarget section */
		7B55DE2D209AFD570011EC3C /* Weather */ = {
			isa = PBXNativeTarget;
			buildConfigurationList = 7B55DE4B209AFD590011EC3C /* Build configuration list for PBXNativeTarget "Weather" */;
			buildPhases = (
				7B55DE2A209AFD570011EC3C /* Sources */,
				7B55DE2B209AFD570011EC3C /* Frameworks */,
				7B55DE2C209AFD570011EC3C /* Resources */,
			);
			buildRules = (
			);
			dependencies = (
			);
			name = Weather;
			productName = Weather;
			productReference = 7B55DE2E209AFD570011EC3C /* Weather.app */;
			productType = "com.apple.product-type.application";
		};
		7B55DE41209AFD590011EC3C /* WeatherTests */ = {
			isa = PBXNativeTarget;
			buildConfigurationList = 7B55DE4E209AFD590011EC3C /* Build configuration list for PBXNativeTarget "WeatherTests" */;
			buildPhases = (
				7B55DE3E209AFD590011EC3C /* Sources */,
				7B55DE3F209AFD590011EC3C /* Frameworks */,
				7B55DE40209AFD590011EC3C /* Resources */,
			);
			buildRules = (
			);
			dependencies = (
				7B55DE44209AFD590011EC3C /* PBXTargetDependency */,
			);
			name = WeatherTests;
			productName = WeatherTests;
			productReference = 7B55DE42209AFD590011EC3C /* WeatherTests.xctest */;
			productType = "com.apple.product-type.bundle.unit-test";
		};
/* End PBXNativeTarget section */

/* Begin PBXProject section */
		7B55DE26209AFD570011EC3C /* Project object */ = {
			isa = PBXProject;
			attributes = {
				LastSwiftUpdateCheck = 0930;
				LastUpgradeCheck = 0930;
				ORGANIZATIONNAME = "Little Maxima LLC";
				TargetAttributes = {
					7B55DE2D209AFD570011EC3C = {
						CreatedOnToolsVersion = 9.3;
					};
					7B55DE41209AFD590011EC3C = {
						CreatedOnToolsVersion = 9.3;
						TestTargetID = 7B55DE2D209AFD570011EC3C;
					};
				};
			};
			buildConfigurationList = 7B55DE29209AFD570011EC3C /* Build configuration list for PBXProject "Weather" */;
			compatibilityVersion = "Xcode 9.3";
			developmentRegion = en;
			hasScannedForEncodings = 0;
			knownRegions = (
				en,
				Base,
			);
			mainGroup = 7B55DE25209AFD560011EC3C;
			productRefGroup = 7B55DE2F209AFD570011EC3C /* Products */;
			projectDirPath = "";
			projectRoot = "";
			targets = (
				7B55DE2D209AFD570011EC3C /* Weather */,
				7B55DE41209AFD590011EC3C /* WeatherTests */,
			);
		};
/* End PBXProject section */

/* Begin PBXResourcesBuildPhase section */
		7B55DE2C209AFD570011EC3C /* Resources */ = {
			isa = PBXResourcesBuildPhase;
			buildActionMask = 2147483647;
			files = (
				7B55DE3C209AFD590011EC3C /* LaunchScreen.storyboard in Resources */,
				7B55DE39209AFD590011EC3C /* Assets.xcassets in Resources */,
				7B55DE37209AFD570011EC3C /* Main.storyboard in Resources */,
			);
			runOnlyForDeploymentPostprocessing = 0;
		};
		7B55DE40209AFD590011EC3C /* Resources */ = {
			isa = PBXResourcesBuildPhase;
			buildActionMask = 2147483647;
			files = (
			);
			runOnlyForDeploymentPostprocessing = 0;
		};
/* End PBXResourcesBuildPhase section */

/* Begin PBXSourcesBuildPhase section */
		7B55DE2A209AFD570011EC3C /* Sources */ = {
			isa = PBXSourcesBuildPhase;
			buildActionMask = 2147483647;
			files = (
				7B71D9EF20B7B471002DE9FB /* Constants.swift in Sources */,
				7B71D9ED20B7671F002DE9FB /* ForecastHourlyVM.swift in Sources */,
				7B71D9F120B8AB99002DE9FB /* Utilities.swift in Sources */,
				7B71D9E320B754FF002DE9FB /* ForecastDayModel.swift in Sources */,
				7B71D9E920B766C0002DE9FB /* ConditionsVM.swift in Sources */,
				7B55DE34209AFD570011EC3C /* ViewController.swift in Sources */,
				7B71D9EB20B766FD002DE9FB /* ForecastDayVM.swift in Sources */,
				7B71D9E520B75529002DE9FB /* ForecastHourly.swift in Sources */,
				7B55DE52209AFE3E0011EC3C /* API.swift in Sources */,
				7B71D9E120B754C5002DE9FB /* ConditionsModel.swift in Sources */,
				7B55DE32209AFD570011EC3C /* AppDelegate.swift in Sources */,
			);
			runOnlyForDeploymentPostprocessing = 0;
		};
		7B55DE3E209AFD590011EC3C /* Sources */ = {
			isa = PBXSourcesBuildPhase;
			buildActionMask = 2147483647;
			files = (
				7B55DE47209AFD590011EC3C /* WeatherTests.swift in Sources */,
			);
			runOnlyForDeploymentPostprocessing = 0;
		};
/* End PBXSourcesBuildPhase section */

/* Begin PBXTargetDependency section */
		7B55DE44209AFD590011EC3C /* PBXTargetDependency */ = {
			isa = PBXTargetDependency;
			target = 7B55DE2D209AFD570011EC3C /* Weather */;
			targetProxy = 7B55DE43209AFD590011EC3C /* PBXContainerItemProxy */;
		};
/* End PBXTargetDependency section */

/* Begin PBXVariantGroup section */
		7B55DE35209AFD570011EC3C /* Main.storyboard */ = {
			isa = PBXVariantGroup;
			children = (
				7B55DE36209AFD570011EC3C /* Base */,
			);
			name = Main.storyboard;
			sourceTree = "<group>";
		};
		7B55DE3A209AFD590011EC3C /* LaunchScreen.storyboard */ = {
			isa = PBXVariantGroup;
			children = (
				7B55DE3B209AFD590011EC3C /* Base */,
			);
			name = LaunchScreen.storyboard;
			sourceTree = "<group>";
		};
/* End PBXVariantGroup section */

/* Begin XCBuildConfiguration section */
		7B55DE49209AFD590011EC3C /* Debug */ = {
			isa = XCBuildConfiguration;
			buildSettings = {
				ALWAYS_SEARCH_USER_PATHS = NO;
				CLANG_ANALYZER_NONNULL = YES;
				CLANG_ANALYZER_NUMBER_OBJECT_CONVERSION = YES_AGGRESSIVE;
				CLANG_CXX_LANGUAGE_STANDARD = "gnu++14";
				CLANG_CXX_LIBRARY = "libc++";
				CLANG_ENABLE_MODULES = YES;
				CLANG_ENABLE_OBJC_ARC = YES;
				CLANG_ENABLE_OBJC_WEAK = YES;
				CLANG_WARN_BLOCK_CAPTURE_AUTORELEASING = YES;
				CLANG_WARN_BOOL_CONVERSION = YES;
				CLANG_WARN_COMMA = YES;
				CLANG_WARN_CONSTANT_CONVERSION = YES;
				CLANG_WARN_DEPRECATED_OBJC_IMPLEMENTATIONS = YES;
				CLANG_WARN_DIRECT_OBJC_ISA_USAGE = YES_ERROR;
				CLANG_WARN_DOCUMENTATION_COMMENTS = YES;
				CLANG_WARN_EMPTY_BODY = YES;
				CLANG_WARN_ENUM_CONVERSION = YES;
				CLANG_WARN_INFINITE_RECURSION = YES;
				CLANG_WARN_INT_CONVERSION = YES;
				CLANG_WARN_NON_LITERAL_NULL_CONVERSION = YES;
				CLANG_WARN_OBJC_IMPLICIT_RETAIN_SELF = YES;
				CLANG_WARN_OBJC_LITERAL_CONVERSION = YES;
				CLANG_WARN_OBJC_ROOT_CLASS = YES_ERROR;
				CLANG_WARN_RANGE_LOOP_ANALYSIS = YES;
				CLANG_WARN_STRICT_PROTOTYPES = YES;
				CLANG_WARN_SUSPICIOUS_MOVE = YES;
				CLANG_WARN_UNGUARDED_AVAILABILITY = YES_AGGRESSIVE;
				CLANG_WARN_UNREACHABLE_CODE = YES;
				CLANG_WARN__DUPLICATE_METHOD_MATCH = YES;
				CODE_SIGN_IDENTITY = "iPhone Developer";
				COPY_PHASE_STRIP = NO;
				DEBUG_INFORMATION_FORMAT = dwarf;
				ENABLE_STRICT_OBJC_MSGSEND = YES;
				ENABLE_TESTABILITY = YES;
				GCC_C_LANGUAGE_STANDARD = gnu11;
				GCC_DYNAMIC_NO_PIC = NO;
				GCC_NO_COMMON_BLOCKS = YES;
				GCC_OPTIMIZATION_LEVEL = 0;
				GCC_PREPROCESSOR_DEFINITIONS = (
					"DEBUG=1",
					"$(inherited)",
				);
				GCC_WARN_64_TO_32_BIT_CONVERSION = YES;
				GCC_WARN_ABOUT_RETURN_TYPE = YES_ERROR;
				GCC_WARN_UNDECLARED_SELECTOR = YES;
				GCC_WARN_UNINITIALIZED_AUTOS = YES_AGGRESSIVE;
				GCC_WARN_UNUSED_FUNCTION = YES;
				GCC_WARN_UNUSED_VARIABLE = YES;
				IPHONEOS_DEPLOYMENT_TARGET = 11.3;
				MTL_ENABLE_DEBUG_INFO = YES;
				ONLY_ACTIVE_ARCH = YES;
				SDKROOT = iphoneos;
				SWIFT_ACTIVE_COMPILATION_CONDITIONS = DEBUG;
				SWIFT_OPTIMIZATION_LEVEL = "-Onone";
			};
			name = Debug;
		};
		7B55DE4A209AFD590011EC3C /* Release */ = {
			isa = XCBuildConfiguration;
			buildSettings = {
				ALWAYS_SEARCH_USER_PATHS = NO;
				CLANG_ANALYZER_NONNULL = YES;
				CLANG_ANALYZER_NUMBER_OBJECT_CONVERSION = YES_AGGRESSIVE;
				CLANG_CXX_LANGUAGE_STANDARD = "gnu++14";
				CLANG_CXX_LIBRARY = "libc++";
				CLANG_ENABLE_MODULES = YES;
				CLANG_ENABLE_OBJC_ARC = YES;
				CLANG_ENABLE_OBJC_WEAK = YES;
				CLANG_WARN_BLOCK_CAPTURE_AUTORELEASING = YES;
				CLANG_WARN_BOOL_CONVERSION = YES;
				CLANG_WARN_COMMA = YES;
				CLANG_WARN_CONSTANT_CONVERSION = YES;
				CLANG_WARN_DEPRECATED_OBJC_IMPLEMENTATIONS = YES;
				CLANG_WARN_DIRECT_OBJC_ISA_USAGE = YES_ERROR;
				CLANG_WARN_DOCUMENTATION_COMMENTS = YES;
				CLANG_WARN_EMPTY_BODY = YES;
				CLANG_WARN_ENUM_CONVERSION = YES;
				CLANG_WARN_INFINITE_RECURSION = YES;
				CLANG_WARN_INT_CONVERSION = YES;
				CLANG_WARN_NON_LITERAL_NULL_CONVERSION = YES;
				CLANG_WARN_OBJC_IMPLICIT_RETAIN_SELF = YES;
				CLANG_WARN_OBJC_LITERAL_CONVERSION = YES;
				CLANG_WARN_OBJC_ROOT_CLASS = YES_ERROR;
				CLANG_WARN_RANGE_LOOP_ANALYSIS = YES;
				CLANG_WARN_STRICT_PROTOTYPES = YES;
				CLANG_WARN_SUSPICIOUS_MOVE = YES;
				CLANG_WARN_UNGUARDED_AVAILABILITY = YES_AGGRESSIVE;
				CLANG_WARN_UNREACHABLE_CODE = YES;
				CLANG_WARN__DUPLICATE_METHOD_MATCH = YES;
				CODE_SIGN_IDENTITY = "iPhone Developer";
				COPY_PHASE_STRIP = NO;
				DEBUG_INFORMATION_FORMAT = "dwarf-with-dsym";
				ENABLE_NS_ASSERTIONS = NO;
				ENABLE_STRICT_OBJC_MSGSEND = YES;
				GCC_C_LANGUAGE_STANDARD = gnu11;
				GCC_NO_COMMON_BLOCKS = YES;
				GCC_WARN_64_TO_32_BIT_CONVERSION = YES;
				GCC_WARN_ABOUT_RETURN_TYPE = YES_ERROR;
				GCC_WARN_UNDECLARED_SELECTOR = YES;
				GCC_WARN_UNINITIALIZED_AUTOS = YES_AGGRESSIVE;
				GCC_WARN_UNUSED_FUNCTION = YES;
				GCC_WARN_UNUSED_VARIABLE = YES;
				IPHONEOS_DEPLOYMENT_TARGET = 11.3;
				MTL_ENABLE_DEBUG_INFO = NO;
				SDKROOT = iphoneos;
				SWIFT_COMPILATION_MODE = wholemodule;
				SWIFT_OPTIMIZATION_LEVEL = "-O";
				VALIDATE_PRODUCT = YES;
			};
			name = Release;
		};
		7B55DE4C209AFD590011EC3C /* Debug */ = {
			isa = XCBuildConfiguration;
			buildSettings = {
				ASSETCATALOG_COMPILER_APPICON_NAME = AppIcon;
				CODE_SIGN_STYLE = Automatic;
				DEVELOPMENT_TEAM = L8MS5YZENK;
				INFOPLIST_FILE = Weather/Info.plist;
				LD_RUNPATH_SEARCH_PATHS = (
					"$(inherited)",
					"@executable_path/Frameworks",
				);
				PRODUCT_BUNDLE_IDENTIFIER = com.littlemaxima.Weather;
				PRODUCT_NAME = "$(TARGET_NAME)";
				SWIFT_VERSION = 4.0;
				TARGETED_DEVICE_FAMILY = "1,2";
			};
			name = Debug;
		};
		7B55DE4D209AFD590011EC3C /* Release */ = {
			isa = XCBuildConfiguration;
			buildSettings = {
				ASSETCATALOG_COMPILER_APPICON_NAME = AppIcon;
				CODE_SIGN_STYLE = Automatic;
				DEVELOPMENT_TEAM = L8MS5YZENK;
				INFOPLIST_FILE = Weather/Info.plist;
				LD_RUNPATH_SEARCH_PATHS = (
					"$(inherited)",
					"@executable_path/Frameworks",
				);
				PRODUCT_BUNDLE_IDENTIFIER = com.littlemaxima.Weather;
				PRODUCT_NAME = "$(TARGET_NAME)";
				SWIFT_VERSION = 4.0;
				TARGETED_DEVICE_FAMILY = "1,2";
			};
			name = Release;
		};
		7B55DE4F209AFD590011EC3C /* Debug */ = {
			isa = XCBuildConfiguration;
			buildSettings = {
				ALWAYS_EMBED_SWIFT_STANDARD_LIBRARIES = YES;
				BUNDLE_LOADER = "$(TEST_HOST)";
				CODE_SIGN_STYLE = Automatic;
				DEVELOPMENT_TEAM = L8MS5YZENK;
				INFOPLIST_FILE = WeatherTests/Info.plist;
				LD_RUNPATH_SEARCH_PATHS = (
					"$(inherited)",
					"@executable_path/Frameworks",
					"@loader_path/Frameworks",
				);
				PRODUCT_BUNDLE_IDENTIFIER = com.littlemaxima.WeatherTests;
				PRODUCT_NAME = "$(TARGET_NAME)";
				SWIFT_VERSION = 4.0;
				TARGETED_DEVICE_FAMILY = "1,2";
				TEST_HOST = "$(BUILT_PRODUCTS_DIR)/Weather.app/Weather";
			};
			name = Debug;
		};
		7B55DE50209AFD590011EC3C /* Release */ = {
			isa = XCBuildConfiguration;
			buildSettings = {
				ALWAYS_EMBED_SWIFT_STANDARD_LIBRARIES = YES;
				BUNDLE_LOADER = "$(TEST_HOST)";
				CODE_SIGN_STYLE = Automatic;
				DEVELOPMENT_TEAM = L8MS5YZENK;
				INFOPLIST_FILE = WeatherTests/Info.plist;
				LD_RUNPATH_SEARCH_PATHS = (
					"$(inherited)",
					"@executable_path/Frameworks",
					"@loader_path/Frameworks",
				);
				PRODUCT_BUNDLE_IDENTIFIER = com.littlemaxima.WeatherTests;
				PRODUCT_NAME = "$(TARGET_NAME)";
				SWIFT_VERSION = 4.0;
				TARGETED_DEVICE_FAMILY = "1,2";
				TEST_HOST = "$(BUILT_PRODUCTS_DIR)/Weather.app/Weather";
			};
			name = Release;
		};
/* End XCBuildConfiguration section */

/* Begin XCConfigurationList section */
		7B55DE29209AFD570011EC3C /* Build configuration list for PBXProject "Weather" */ = {
			isa = XCConfigurationList;
			buildConfigurations = (
				7B55DE49209AFD590011EC3C /* Debug */,
				7B55DE4A209AFD590011EC3C /* Release */,
			);
			defaultConfigurationIsVisible = 0;
			defaultConfigurationName = Release;
		};
		7B55DE4B209AFD590011EC3C /* Build configuration list for PBXNativeTarget "Weather" */ = {
			isa = XCConfigurationList;
			buildConfigurations = (
				7B55DE4C209AFD590011EC3C /* Debug */,
				7B55DE4D209AFD590011EC3C /* Release */,
			);
			defaultConfigurationIsVisible = 0;
			defaultConfigurationName = Release;
		};
		7B55DE4E209AFD590011EC3C /* Build configuration list for PBXNativeTarget "WeatherTests" */ = {
			isa = XCConfigurationList;
			buildConfigurations = (
				7B55DE4F209AFD590011EC3C /* Debug */,
				7B55DE50209AFD590011EC3C /* Release */,
			);
			defaultConfigurationIsVisible = 0;
			defaultConfigurationName = Release;
		};
/* End XCConfigurationList section */
	};
	rootObject = 7B55DE26209AFD570011EC3C /* Project object */;
}
